
Microsoft Visual Studio Solution File, Format Version 12.00
# Visual Studio Version 17
VisualStudioVersion = 17.4.33205.214
MinimumVisualStudioVersion = 10.0.40219.1
Project("{FAE04EC0-301F-11D3-BF4B-00C04F79EFBC}") = "Valenwu-Revised", "Valenwu-Revised.csproj", "{C843C792-F30F-4869-8C40-0F955D29B681}"
EndProject
Global
	GlobalSection(SolutionConfigurationPlatforms) = preSolution
		Debug|Any CPU = Debug|Any CPU
		Release|Any CPU = Release|Any CPU
	EndGlobalSection
	GlobalSection(ProjectConfigurationPlatforms) = postSolution
		{C843C792-F30F-4869-8C40-0F955D29B681}.Debug|Any CPU.ActiveCfg = Debug|Any CPU
		{C843C792-F30F-4869-8C40-0F955D29B681}.Debug|Any CPU.Build.0 = Debug|Any CPU
		{C843C792-F30F-4869-8C40-0F955D29B681}.Release|Any CPU.ActiveCfg = Release|Any CPU
		{C843C792-F30F-4869-8C40-0F955D29B681}.Release|Any CPU.Build.0 = Release|Any CPU
	EndGlobalSection
	GlobalSection(SolutionProperties) = preSolution
		HideSolutionNode = FALSE
	EndGlobalSection
	GlobalSection(ExtensibilityGlobals) = postSolution
		SolutionGuid = {0893501A-E082-4E3E-824A-0E4868E297DA}
	EndGlobalSection
EndGlobal
